
Microsoft Visual Studio Solution File, Format Version 12.00
# Visual Studio Version 17
VisualStudioVersion = 17.4.33213.308
MinimumVisualStudioVersion = 10.0.40219.1
Project("{888888A0-9F3D-457C-B088-3A5042F75D52}") = "Dijkstra Algorithm", "Dijkstra Algorithm\Dijkstra Algorithm.pyproj", "{0A265135-D262-489F-BD15-2EF30AE8E904}"
EndProject
Global
	GlobalSection(SolutionConfigurationPlatforms) = preSolution
		Debug|Any CPU = Debug|Any CPU
		Release|Any CPU = Release|Any CPU
	EndGlobalSection
	GlobalSection(ProjectConfigurationPlatforms) = postSolution
		{0A265135-D262-489F-BD15-2EF30AE8E904}.Debug|Any CPU.ActiveCfg = Debug|Any CPU
		{0A265135-D262-489F-BD15-2EF30AE8E904}.Release|Any CPU.ActiveCfg = Release|Any CPU
	EndGlobalSection
	GlobalSection(SolutionProperties) = preSolution
		HideSolutionNode = FALSE
	EndGlobalSection
	GlobalSection(ExtensibilityGlobals) = postSolution
		SolutionGuid = {3F40F160-D2C4-4808-84D0-B9E558CF9B7F}
	EndGlobalSection
EndGlobal
